
Microsoft Visual Studio Solution File, Format Version 12.00
# Visual Studio Version 16
VisualStudioVersion = 16.0.28922.388
MinimumVisualStudioVersion = 10.0.40219.1
Project("{9A19103F-16F7-4668-BE54-9A1E7A4F7556}") = "NetBrain.Api", "NetBrain.Api\NetBrain.Api.csproj", "{336C1AB9-624B-4C9C-8E36-FA877CCE5A5F}"
EndProject
Project("{FAE04EC0-301F-11D3-BF4B-00C04F79EFBC}") = "NetBrain.Api.Test", "NetBrain.Api.Test\NetBrain.Api.Test.csproj", "{E0F67A55-1D8F-48F1-B795-FB0506571708}"
EndProject
Global
	GlobalSection(SolutionConfigurationPlatforms) = preSolution
		Debug|Any CPU = Debug|Any CPU
		Release|Any CPU = Release|Any CPU
	EndGlobalSection
	GlobalSection(ProjectConfigurationPlatforms) = postSolution
		{336C1AB9-624B-4C9C-8E36-FA877CCE5A5F}.Debug|Any CPU.ActiveCfg = Debug|Any CPU
		{336C1AB9-624B-4C9C-8E36-FA877CCE5A5F}.Debug|Any CPU.Build.0 = Debug|Any CPU
		{336C1AB9-624B-4C9C-8E36-FA877CCE5A5F}.Release|Any CPU.ActiveCfg = Release|Any CPU
		{336C1AB9-624B-4C9C-8E36-FA877CCE5A5F}.Release|Any CPU.Build.0 = Release|Any CPU
		{E0F67A55-1D8F-48F1-B795-FB0506571708}.Debug|Any CPU.ActiveCfg = Debug|Any CPU
		{E0F67A55-1D8F-48F1-B795-FB0506571708}.Debug|Any CPU.Build.0 = Debug|Any CPU
		{E0F67A55-1D8F-48F1-B795-FB0506571708}.Release|Any CPU.ActiveCfg = Release|Any CPU
		{E0F67A55-1D8F-48F1-B795-FB0506571708}.Release|Any CPU.Build.0 = Release|Any CPU
	EndGlobalSection
	GlobalSection(SolutionProperties) = preSolution
		HideSolutionNode = FALSE
	EndGlobalSection
	GlobalSection(ExtensibilityGlobals) = postSolution
		SolutionGuid = {0F6B4160-7F36-42B3-BAE2-BBECEE3BC9F2}
	EndGlobalSection
EndGlobal
